
Microsoft Visual Studio Solution File, Format Version 12.00
# Visual Studio 14
VisualStudioVersion = 14.0.25420.1
MinimumVisualStudioVersion = 10.0.40219.1
Project("{FAE04EC0-301F-11D3-BF4B-00C04F79EFBC}") = "FB.Grid.Mvc", "FB.Grid.Mvc.csproj", "{14BD13D5-16D6-4126-9667-342DD809E546}"
EndProject
Project("{FAE04EC0-301F-11D3-BF4B-00C04F79EFBC}") = "FB.CheckBoxList.Mvc", "..\FB.Mvc.CheckBoxList\FB.CheckBoxList.Mvc.csproj", "{0CE39F51-C361-4905-B4D5-2F263A77E5A5}"
EndProject
Global
	GlobalSection(SolutionConfigurationPlatforms) = preSolution
		Debug|Any CPU = Debug|Any CPU
		Release|Any CPU = Release|Any CPU
	EndGlobalSection
	GlobalSection(ProjectConfigurationPlatforms) = postSolution
		{14BD13D5-16D6-4126-9667-342DD809E546}.Debug|Any CPU.ActiveCfg = Debug|Any CPU
		{14BD13D5-16D6-4126-9667-342DD809E546}.Debug|Any CPU.Build.0 = Debug|Any CPU
		{14BD13D5-16D6-4126-9667-342DD809E546}.Release|Any CPU.ActiveCfg = Release|Any CPU
		{14BD13D5-16D6-4126-9667-342DD809E546}.Release|Any CPU.Build.0 = Release|Any CPU
		{0CE39F51-C361-4905-B4D5-2F263A77E5A5}.Debug|Any CPU.ActiveCfg = Debug|Any CPU
		{0CE39F51-C361-4905-B4D5-2F263A77E5A5}.Debug|Any CPU.Build.0 = Debug|Any CPU
		{0CE39F51-C361-4905-B4D5-2F263A77E5A5}.Release|Any CPU.ActiveCfg = Release|Any CPU
		{0CE39F51-C361-4905-B4D5-2F263A77E5A5}.Release|Any CPU.Build.0 = Release|Any CPU
	EndGlobalSection
	GlobalSection(SolutionProperties) = preSolution
		HideSolutionNode = FALSE
	EndGlobalSection
EndGlobal
